
Microsoft Visual Studio Solution File, Format Version 12.00
# Visual Studio 14
VisualStudioVersion = 14.0.25420.1
MinimumVisualStudioVersion = 10.0.40219.1
Project("{FAE04EC0-301F-11D3-BF4B-00C04F79EFBC}") = "SoapServices", "WebApplication1\SoapServices.csproj", "{BFD12DF8-A458-4809-B223-59B5B498652F}"
EndProject
Project("{FAE04EC0-301F-11D3-BF4B-00C04F79EFBC}") = "TopupValidator", "C:\Users\Taradeh\Documents\Visual Studio 2015\Projects\TopupValidator\TopupValidator\TopupValidator.csproj", "{0643F422-1EAC-492C-8411-4257B7A44A73}"
EndProject
Global
	GlobalSection(SolutionConfigurationPlatforms) = preSolution
		Debug|Any CPU = Debug|Any CPU
		Release|Any CPU = Release|Any CPU
	EndGlobalSection
	GlobalSection(ProjectConfigurationPlatforms) = postSolution
		{BFD12DF8-A458-4809-B223-59B5B498652F}.Debug|Any CPU.ActiveCfg = Debug|Any CPU
		{BFD12DF8-A458-4809-B223-59B5B498652F}.Debug|Any CPU.Build.0 = Debug|Any CPU
		{BFD12DF8-A458-4809-B223-59B5B498652F}.Release|Any CPU.ActiveCfg = Release|Any CPU
		{BFD12DF8-A458-4809-B223-59B5B498652F}.Release|Any CPU.Build.0 = Release|Any CPU
		{0643F422-1EAC-492C-8411-4257B7A44A73}.Debug|Any CPU.ActiveCfg = Debug|Any CPU
		{0643F422-1EAC-492C-8411-4257B7A44A73}.Debug|Any CPU.Build.0 = Debug|Any CPU
		{0643F422-1EAC-492C-8411-4257B7A44A73}.Release|Any CPU.ActiveCfg = Release|Any CPU
		{0643F422-1EAC-492C-8411-4257B7A44A73}.Release|Any CPU.Build.0 = Release|Any CPU
	EndGlobalSection
	GlobalSection(SolutionProperties) = preSolution
		HideSolutionNode = FALSE
	EndGlobalSection
EndGlobal
